<?xml version="1.0" encoding="utf-8"?>
<Project ToolsVersion="4.0" xmlns="http://schemas.microsoft.com/developer/msbuild/2003">
  <ItemGroup>
    <ClCompile Include="Source\Entry.cpp" />
    <ClCompile Include="Source\pch.cpp" />
    <ClCompile Include="Source\Meander\Application.cpp" />
  </ItemGroup>
  <ItemGroup>
    <ClInclude Include="Source\pch.h" />
    <ClInclude Include="Source\Meander\Application.h" />
  </ItemGroup>
</Project>