<?xml version="1.0" encoding="utf-8"?>
<Project ToolsVersion="4.0" xmlns="http://schemas.microsoft.com/developer/msbuild/2003">
  <ItemGroup>
    <ClCompile Include="Source\pch.cpp" />
    <ClCompile Include="Source\Meander\Application.cpp" />
    <ClCompile Include="Source\Meander\Utility\Log.cpp" />
    <ClCompile Include="Source\Sandbox\Sandbox.cpp" />
    <ClCompile Include="Source\Entry.cpp" />
    <ClCompile Include="Source\Platform\GLFW\GLFWWindow.cpp" />
    <ClCompile Include="Source\Platform\OpenGL\GLContext.cpp" />
    <ClCompile Include="Source\Meander\Window.cpp" />
    <ClCompile Include="Source\Meander\Graphics\Context.cpp" />
    <ClCompile Include="Source\Meander\Graphics\Buffer.cpp" />
    <ClCompile Include="Source\Meander\Graphics\VertexArray.cpp" />
    <ClCompile Include="Source\Platform\OpenGL\GLBuffer.cpp" />
    <ClCompile Include="Source\Platform\OpenGL\GLVertexArray.cpp" />
    <ClCompile Include="Source\Meander\Graphics\Shader.cpp" />
    <ClCompile Include="Source\Platform\OpenGL\GLShader.cpp" />
    <ClCompile Include="Source\Meander\Transform.cpp" />
    <ClCompile Include="Source\Meander\Graphics\Camera.cpp" />
    <ClCompile Include="Source\Meander\Input\Input.cpp" />
  </ItemGroup>
  <ItemGroup>
    <ClInclude Include="Source\pch.h" />
    <ClInclude Include="Source\Meander\Application.h" />
    <ClInclude Include="Source\Meander\Utility\Log.h" />
    <ClInclude Include="Source\Sandbox\Sandbox.h" />
    <ClInclude Include="Source\Meander\Graphics\Context.h" />
    <ClInclude Include="Source\Meander\Window.h" />
    <ClInclude Include="Source\Platform\GLFW\GLFWWindow.h" />
    <ClInclude Include="Source\Platform\OpenGL\GLContext.h" />
    <ClInclude Include="Source\Meander\Common.h" />
    <ClInclude Include="Source\Meander\Utility\Timer.h" />
    <ClInclude Include="Source\Meander\Graphics\Mesh.h" />
    <ClInclude Include="Source\Meander\Graphics\Buffer.h" />
    <ClInclude Include="Source\Meander\Graphics\VertexArray.h" />
    <ClInclude Include="Source\Platform\OpenGL\GLBuffer.h" />
    <ClInclude Include="Source\Platform\OpenGL\GLVertexArray.h" />
    <ClInclude Include="Source\Meander\Graphics\Shader.h" />
    <ClInclude Include="Source\Platform\OpenGL\GLShader.h" />
    <ClInclude Include="Source\Meander\Transform.h" />
    <ClInclude Include="Source\Meander\Graphics\Camera.h" />
    <ClInclude Include="Source\Meander\Input\Input.h" />
    <ClInclude Include="Source\Meander\Input\Key.h" />
    <ClInclude Include="Source\Meander\Input\MouseButton.h" />
    <ClInclude Include="Source\Meander\Input\InputAction.h" />
  </ItemGroup>
  <ItemGroup>
    <None Include="Assets\Shaders\Test.glsl" />
  </ItemGroup>
</Project>